
Microsoft Visual Studio Solution File, Format Version 12.00
# Visual Studio Version 16
VisualStudioVersion = 16.0.31702.278
MinimumVisualStudioVersion = 10.0.40219.1
Project("{9A19103F-16F7-4668-BE54-9A1E7A4F7556}") = "Fussball_Website", "Fussball_Website.csproj", "{325ED840-D26D-4AD4-96C1-9A3145763CCF}"
EndProject
Global
	GlobalSection(SolutionConfigurationPlatforms) = preSolution
		Debug|Any CPU = Debug|Any CPU
		Release|Any CPU = Release|Any CPU
	EndGlobalSection
	GlobalSection(ProjectConfigurationPlatforms) = postSolution
		{325ED840-D26D-4AD4-96C1-9A3145763CCF}.Debug|Any CPU.ActiveCfg = Debug|Any CPU
		{325ED840-D26D-4AD4-96C1-9A3145763CCF}.Debug|Any CPU.Build.0 = Debug|Any CPU
		{325ED840-D26D-4AD4-96C1-9A3145763CCF}.Release|Any CPU.ActiveCfg = Release|Any CPU
		{325ED840-D26D-4AD4-96C1-9A3145763CCF}.Release|Any CPU.Build.0 = Release|Any CPU
	EndGlobalSection
	GlobalSection(SolutionProperties) = preSolution
		HideSolutionNode = FALSE
	EndGlobalSection
	GlobalSection(ExtensibilityGlobals) = postSolution
		SolutionGuid = {0C2CD42D-3D2C-4B38-8489-AACC0D2D4071}
	EndGlobalSection
EndGlobal
